
Microsoft Visual Studio Solution File, Format Version 12.00
# Visual Studio Version 17
VisualStudioVersion = 17.11.35327.3
MinimumVisualStudioVersion = 10.0.40219.1
Project("{FAE04EC0-301F-11D3-BF4B-00C04F79EFBC}") = "Smart Retail Store Manager", "WinFormsApp1\Smart Retail Store Manager.csproj", "{575141D1-77EA-4285-8892-720A453B6496}"
EndProject
Global
	GlobalSection(SolutionConfigurationPlatforms) = preSolution
		Debug|Any CPU = Debug|Any CPU
		Release|Any CPU = Release|Any CPU
	EndGlobalSection
	GlobalSection(ProjectConfigurationPlatforms) = postSolution
		{575141D1-77EA-4285-8892-720A453B6496}.Debug|Any CPU.ActiveCfg = Debug|Any CPU
		{575141D1-77EA-4285-8892-720A453B6496}.Debug|Any CPU.Build.0 = Debug|Any CPU
		{575141D1-77EA-4285-8892-720A453B6496}.Release|Any CPU.ActiveCfg = Release|Any CPU
		{575141D1-77EA-4285-8892-720A453B6496}.Release|Any CPU.Build.0 = Release|Any CPU
	EndGlobalSection
	GlobalSection(SolutionProperties) = preSolution
		HideSolutionNode = FALSE
	EndGlobalSection
	GlobalSection(ExtensibilityGlobals) = postSolution
		SolutionGuid = {8090DF01-670F-4433-8716-A746B5C1B478}
	EndGlobalSection
EndGlobal
